
Microsoft Visual Studio Solution File, Format Version 12.00
# Visual Studio 14
VisualStudioVersion = 14.0.25420.1
MinimumVisualStudioVersion = 10.0.40219.1
Project("{FAE04EC0-301F-11D3-BF4B-00C04F79EFBC}") = "WebApp.Music", "WebApp.Music\WebApp.Music.csproj", "{BD2E1998-C8EC-4B89-9369-044CBF00F0E4}"
EndProject
Project("{FAE04EC0-301F-11D3-BF4B-00C04F79EFBC}") = "WebApp.Music.DAL", "WebApp.Music.DAL\WebApp.Music.DAL.csproj", "{46D2C657-B7B6-4F69-86A1-328DA990B714}"
EndProject
Project("{FAE04EC0-301F-11D3-BF4B-00C04F79EFBC}") = "WebApp.Music.BL", "WebApp.Music.BL\WebApp.Music.BL.csproj", "{FCEF4A89-4160-4678-A2F0-63AA68A8C1B5}"
EndProject
Project("{FAE04EC0-301F-11D3-BF4B-00C04F79EFBC}") = "WebApp.Music.DI", "WebApp.Music.DI\WebApp.Music.DI.csproj", "{485FAC48-3BD4-4D17-ABCD-99FA5B4E556F}"
EndProject
Global
	GlobalSection(SolutionConfigurationPlatforms) = preSolution
		Debug|Any CPU = Debug|Any CPU
		Release|Any CPU = Release|Any CPU
	EndGlobalSection
	GlobalSection(ProjectConfigurationPlatforms) = postSolution
		{BD2E1998-C8EC-4B89-9369-044CBF00F0E4}.Debug|Any CPU.ActiveCfg = Debug|Any CPU
		{BD2E1998-C8EC-4B89-9369-044CBF00F0E4}.Debug|Any CPU.Build.0 = Debug|Any CPU
		{BD2E1998-C8EC-4B89-9369-044CBF00F0E4}.Release|Any CPU.ActiveCfg = Release|Any CPU
		{BD2E1998-C8EC-4B89-9369-044CBF00F0E4}.Release|Any CPU.Build.0 = Release|Any CPU
		{46D2C657-B7B6-4F69-86A1-328DA990B714}.Debug|Any CPU.ActiveCfg = Debug|Any CPU
		{46D2C657-B7B6-4F69-86A1-328DA990B714}.Debug|Any CPU.Build.0 = Debug|Any CPU
		{46D2C657-B7B6-4F69-86A1-328DA990B714}.Release|Any CPU.ActiveCfg = Release|Any CPU
		{46D2C657-B7B6-4F69-86A1-328DA990B714}.Release|Any CPU.Build.0 = Release|Any CPU
		{FCEF4A89-4160-4678-A2F0-63AA68A8C1B5}.Debug|Any CPU.ActiveCfg = Debug|Any CPU
		{FCEF4A89-4160-4678-A2F0-63AA68A8C1B5}.Debug|Any CPU.Build.0 = Debug|Any CPU
		{FCEF4A89-4160-4678-A2F0-63AA68A8C1B5}.Release|Any CPU.ActiveCfg = Release|Any CPU
		{FCEF4A89-4160-4678-A2F0-63AA68A8C1B5}.Release|Any CPU.Build.0 = Release|Any CPU
		{485FAC48-3BD4-4D17-ABCD-99FA5B4E556F}.Debug|Any CPU.ActiveCfg = Debug|Any CPU
		{485FAC48-3BD4-4D17-ABCD-99FA5B4E556F}.Debug|Any CPU.Build.0 = Debug|Any CPU
		{485FAC48-3BD4-4D17-ABCD-99FA5B4E556F}.Release|Any CPU.ActiveCfg = Release|Any CPU
		{485FAC48-3BD4-4D17-ABCD-99FA5B4E556F}.Release|Any CPU.Build.0 = Release|Any CPU
	EndGlobalSection
	GlobalSection(SolutionProperties) = preSolution
		HideSolutionNode = FALSE
	EndGlobalSection
EndGlobal
